
Microsoft Visual Studio Solution File, Format Version 12.00
# Visual Studio Version 16
VisualStudioVersion = 16.0.32126.315
MinimumVisualStudioVersion = 10.0.40219.1
Project("{FAE04EC0-301F-11D3-BF4B-00C04F79EFBC}") = "ExcelAddInTestVBAReferences", "ExcelAddInTestVBAReferences\ExcelAddInTestVBAReferences.csproj", "{E30497DF-C2B2-41F0-8039-124975AC3B65}"
EndProject
Global
	GlobalSection(SolutionConfigurationPlatforms) = preSolution
		Debug|Any CPU = Debug|Any CPU
		Release|Any CPU = Release|Any CPU
	EndGlobalSection
	GlobalSection(ProjectConfigurationPlatforms) = postSolution
		{E30497DF-C2B2-41F0-8039-124975AC3B65}.Debug|Any CPU.ActiveCfg = Debug|Any CPU
		{E30497DF-C2B2-41F0-8039-124975AC3B65}.Debug|Any CPU.Build.0 = Debug|Any CPU
		{E30497DF-C2B2-41F0-8039-124975AC3B65}.Release|Any CPU.ActiveCfg = Release|Any CPU
		{E30497DF-C2B2-41F0-8039-124975AC3B65}.Release|Any CPU.Build.0 = Release|Any CPU
	EndGlobalSection
	GlobalSection(SolutionProperties) = preSolution
		HideSolutionNode = FALSE
	EndGlobalSection
	GlobalSection(ExtensibilityGlobals) = postSolution
		SolutionGuid = {6B3A4745-E52F-4A20-8CC5-F3CF0497969A}
	EndGlobalSection
EndGlobal
